
Microsoft Visual Studio Solution File, Format Version 12.00
# Visual Studio Version 16
VisualStudioVersion = 16.0.30114.105
MinimumVisualStudioVersion = 10.0.40219.1
Project("{FAE04EC0-301F-11D3-BF4B-00C04F79EFBC}") = "alura-webapi", "alura-webapi\alura-webapi.csproj", "{954832E3-8909-4570-8A94-BE39846CD554}"
EndProject
Project("{FAE04EC0-301F-11D3-BF4B-00C04F79EFBC}") = "alura-webapi.Tests", "alura-webapi.Tests\alura-webapi.Tests.csproj", "{33D60834-0A41-400B-953A-0294A93D43A8}"
EndProject
Global
	GlobalSection(SolutionConfigurationPlatforms) = preSolution
		Debug|Any CPU = Debug|Any CPU
		Release|Any CPU = Release|Any CPU
	EndGlobalSection
	GlobalSection(SolutionProperties) = preSolution
		HideSolutionNode = FALSE
	EndGlobalSection
	GlobalSection(ProjectConfigurationPlatforms) = postSolution
		{954832E3-8909-4570-8A94-BE39846CD554}.Debug|Any CPU.ActiveCfg = Debug|Any CPU
		{954832E3-8909-4570-8A94-BE39846CD554}.Debug|Any CPU.Build.0 = Debug|Any CPU
		{954832E3-8909-4570-8A94-BE39846CD554}.Release|Any CPU.ActiveCfg = Release|Any CPU
		{954832E3-8909-4570-8A94-BE39846CD554}.Release|Any CPU.Build.0 = Release|Any CPU
		{33D60834-0A41-400B-953A-0294A93D43A8}.Debug|Any CPU.ActiveCfg = Debug|Any CPU
		{33D60834-0A41-400B-953A-0294A93D43A8}.Debug|Any CPU.Build.0 = Debug|Any CPU
		{33D60834-0A41-400B-953A-0294A93D43A8}.Release|Any CPU.ActiveCfg = Release|Any CPU
		{33D60834-0A41-400B-953A-0294A93D43A8}.Release|Any CPU.Build.0 = Release|Any CPU
	EndGlobalSection
EndGlobal
